// !$*UTF8*$!
{
	archiveVersion = 1;
	classes = {
	};
	objectVersion = 50;
	objects = {

/* Begin PBXBuildFile section */
		7D0AA89F26D4CE5800310BC7 /* BlankView.swift in Sources */ = {isa = PBXBuildFile; fileRef = 7D0AA89E26D4CE5800310BC7 /* BlankView.swift */; };
		7D0CFFB226CE2BEF004AFCAA /* DevoteApp.swift in Sources */ = {isa = PBXBuildFile; fileRef = 7D0CFFB126CE2BEF004AFCAA /* DevoteApp.swift */; };
		7D0CFFB426CE2BEF004AFCAA /* ContentView.swift in Sources */ = {isa = PBXBuildFile; fileRef = 7D0CFFB326CE2BEF004AFCAA /* ContentView.swift */; };
		7D0CFFB626CE2BF2004AFCAA /* Assets.xcassets in Resources */ = {isa = PBXBuildFile; fileRef = 7D0CFFB526CE2BF2004AFCAA /* Assets.xcassets */; };
		7D0CFFB926CE2BF2004AFCAA /* Preview Assets.xcassets in Resources */ = {isa = PBXBuildFile; fileRef = 7D0CFFB826CE2BF2004AFCAA /* Preview Assets.xcassets */; };
		7D0CFFBB26CE2BF2004AFCAA /* Persistence.swift in Sources */ = {isa = PBXBuildFile; fileRef = 7D0CFFBA26CE2BF2004AFCAA /* Persistence.swift */; };
		7D0CFFCA26CE2E4E004AFCAA /* sound-rise.mp3 in Resources */ = {isa = PBXBuildFile; fileRef = 7D0CFFC726CE2E4D004AFCAA /* sound-rise.mp3 */; };
		7D0CFFCB26CE2E4E004AFCAA /* sound-ding.mp3 in Resources */ = {isa = PBXBuildFile; fileRef = 7D0CFFC826CE2E4D004AFCAA /* sound-ding.mp3 */; };
		7D0CFFCC26CE2E4E004AFCAA /* sound-tap.mp3 in Resources */ = {isa = PBXBuildFile; fileRef = 7D0CFFC926CE2E4E004AFCAA /* sound-tap.mp3 */; };
		7D1C32D126D4B70000395F6A /* NewTaskItemView.swift in Sources */ = {isa = PBXBuildFile; fileRef = 7D1C32D026D4B70000395F6A /* NewTaskItemView.swift */; };
		7D1C32D726D4BB9000395F6A /* Devote.xcdatamodeld in Sources */ = {isa = PBXBuildFile; fileRef = 7D0CFFBC26CE2BF2004AFCAA /* Devote.xcdatamodeld */; };
		7D290BAF26D2203C009AAFCA /* BackgroundImageView.swift in Sources */ = {isa = PBXBuildFile; fileRef = 7D290BAE26D2203C009AAFCA /* BackgroundImageView.swift */; };
		7D6BE73A26D0DB4B000B7BC8 /* Constant.swift in Sources */ = {isa = PBXBuildFile; fileRef = 7D6BE73926D0DB4B000B7BC8 /* Constant.swift */; };
		7D6DCB2B26D2152F001A3765 /* HideKeyboardExtension.swift in Sources */ = {isa = PBXBuildFile; fileRef = 7D6DCB2A26D2152F001A3765 /* HideKeyboardExtension.swift */; };
		7D78F4DF26D9DD19000096B5 /* WidgetKit.framework in Frameworks */ = {isa = PBXBuildFile; fileRef = 7D78F4DE26D9DD19000096B5 /* WidgetKit.framework */; };
		7D78F4E126D9DD19000096B5 /* SwiftUI.framework in Frameworks */ = {isa = PBXBuildFile; fileRef = 7D78F4E026D9DD19000096B5 /* SwiftUI.framework */; };
		7D78F4E426D9DD19000096B5 /* DevoteWidget.swift in Sources */ = {isa = PBXBuildFile; fileRef = 7D78F4E326D9DD19000096B5 /* DevoteWidget.swift */; };
		7D78F4E626D9DD1C000096B5 /* Assets.xcassets in Resources */ = {isa = PBXBuildFile; fileRef = 7D78F4E526D9DD1C000096B5 /* Assets.xcassets */; };
		7D78F4EA26D9DD1C000096B5 /* DevoteWidgetExtension.appex in Embed App Extensions */ = {isa = PBXBuildFile; fileRef = 7D78F4DC26D9DD19000096B5 /* DevoteWidgetExtension.appex */; settings = {ATTRIBUTES = (RemoveHeadersOnCopy, ); }; };
		7D78F4F726D9E1CC000096B5 /* Assets.xcassets in Resources */ = {isa = PBXBuildFile; fileRef = 7D0CFFB526CE2BF2004AFCAA /* Assets.xcassets */; };
		7D78F4FA26D9E28F000096B5 /* Constant.swift in Sources */ = {isa = PBXBuildFile; fileRef = 7D6BE73926D0DB4B000B7BC8 /* Constant.swift */; };
		7D8A42FB26D5F8E0002E4C80 /* ListRowItemView.swift in Sources */ = {isa = PBXBuildFile; fileRef = 7D8A42FA26D5F8E0002E4C80 /* ListRowItemView.swift */; };
		7D8A430126D5FC13002E4C80 /* CheckboxStyle.swift in Sources */ = {isa = PBXBuildFile; fileRef = 7D8A430026D5FC13002E4C80 /* CheckboxStyle.swift */; };
		7D8A430A26D6038C002E4C80 /* SoundPlayer.swift in Sources */ = {isa = PBXBuildFile; fileRef = 7D8A430926D6038C002E4C80 /* SoundPlayer.swift */; };
/* End PBXBuildFile section */

/* Begin PBXContainerItemProxy section */
		7D78F4E826D9DD1C000096B5 /* PBXContainerItemProxy */ = {
			isa = PBXContainerItemProxy;
			containerPortal = 7D0CFFA626CE2BEE004AFCAA /* Project object */;
			proxyType = 1;
			remoteGlobalIDString = 7D78F4DB26D9DD19000096B5;
			remoteInfo = DevoteWidgetExtension;
		};
/* End PBXContainerItemProxy section */

/* Begin PBXCopyFilesBuildPhase section */
		7D78F4EB26D9DD1C000096B5 /* Embed App Extensions */ = {
			isa = PBXCopyFilesBuildPhase;
			buildActionMask = 2147483647;
			dstPath = "";
			dstSubfolderSpec = 13;
			files = (
				7D78F4EA26D9DD1C000096B5 /* DevoteWidgetExtension.appex in Embed App Extensions */,
			);
			name = "Embed App Extensions";
			runOnlyForDeploymentPostprocessing = 0;
		};
/* End PBXCopyFilesBuildPhase section */

/* Begin PBXFileReference section */
		7D0AA89E26D4CE5800310BC7 /* BlankView.swift */ = {isa = PBXFileReference; lastKnownFileType = sourcecode.swift; path = BlankView.swift; sourceTree = "<group>"; };
		7D0CFFAE26CE2BEF004AFCAA /* Devote.app */ = {isa = PBXFileReference; explicitFileType = wrapper.application; includeInIndex = 0; path = Devote.app; sourceTree = BUILT_PRODUCTS_DIR; };
		7D0CFFB126CE2BEF004AFCAA /* DevoteApp.swift */ = {isa = PBXFileReference; lastKnownFileType = sourcecode.swift; path = DevoteApp.swift; sourceTree = "<group>"; };
		7D0CFFB326CE2BEF004AFCAA /* ContentView.swift */ = {isa = PBXFileReference; lastKnownFileType = sourcecode.swift; path = ContentView.swift; sourceTree = "<group>"; };
		7D0CFFB526CE2BF2004AFCAA /* Assets.xcassets */ = {isa = PBXFileReference; lastKnownFileType = folder.assetcatalog; path = Assets.xcassets; sourceTree = "<group>"; };
		7D0CFFB826CE2BF2004AFCAA /* Preview Assets.xcassets */ = {isa = PBXFileReference; lastKnownFileType = folder.assetcatalog; path = "Preview Assets.xcassets"; sourceTree = "<group>"; };
		7D0CFFBA26CE2BF2004AFCAA /* Persistence.swift */ = {isa = PBXFileReference; lastKnownFileType = sourcecode.swift; path = Persistence.swift; sourceTree = "<group>"; };
		7D0CFFBD26CE2BF2004AFCAA /* Devote.xcdatamodel */ = {isa = PBXFileReference; lastKnownFileType = wrapper.xcdatamodel; path = Devote.xcdatamodel; sourceTree = "<group>"; };
		7D0CFFBF26CE2BF2004AFCAA /* Info.plist */ = {isa = PBXFileReference; lastKnownFileType = text.plist.xml; path = Info.plist; sourceTree = "<group>"; };
		7D0CFFC726CE2E4D004AFCAA /* sound-rise.mp3 */ = {isa = PBXFileReference; lastKnownFileType = audio.mp3; path = "sound-rise.mp3"; sourceTree = "<group>"; };
		7D0CFFC826CE2E4D004AFCAA /* sound-ding.mp3 */ = {isa = PBXFileReference; lastKnownFileType = audio.mp3; path = "sound-ding.mp3"; sourceTree = "<group>"; };
		7D0CFFC926CE2E4E004AFCAA /* sound-tap.mp3 */ = {isa = PBXFileReference; lastKnownFileType = audio.mp3; path = "sound-tap.mp3"; sourceTree = "<group>"; };
		7D1C32D026D4B70000395F6A /* NewTaskItemView.swift */ = {isa = PBXFileReference; lastKnownFileType = sourcecode.swift; path = NewTaskItemView.swift; sourceTree = "<group>"; };
		7D290BAE26D2203C009AAFCA /* BackgroundImageView.swift */ = {isa = PBXFileReference; lastKnownFileType = sourcecode.swift; path = BackgroundImageView.swift; sourceTree = "<group>"; };
		7D6BE73926D0DB4B000B7BC8 /* Constant.swift */ = {isa = PBXFileReference; lastKnownFileType = sourcecode.swift; path = Constant.swift; sourceTree = "<group>"; };
		7D6DCB2A26D2152F001A3765 /* HideKeyboardExtension.swift */ = {isa = PBXFileReference; lastKnownFileType = sourcecode.swift; path = HideKeyboardExtension.swift; sourceTree = "<group>"; };
		7D78F4DC26D9DD19000096B5 /* DevoteWidgetExtension.appex */ = {isa = PBXFileReference; explicitFileType = "wrapper.app-extension"; includeInIndex = 0; path = DevoteWidgetExtension.appex; sourceTree = BUILT_PRODUCTS_DIR; };
		7D78F4DE26D9DD19000096B5 /* WidgetKit.framework */ = {isa = PBXFileReference; lastKnownFileType = wrapper.framework; name = WidgetKit.framework; path = System/Library/Frameworks/WidgetKit.framework; sourceTree = SDKROOT; };
		7D78F4E026D9DD19000096B5 /* SwiftUI.framework */ = {isa = PBXFileReference; lastKnownFileType = wrapper.framework; name = SwiftUI.framework; path = System/Library/Frameworks/SwiftUI.framework; sourceTree = SDKROOT; };
		7D78F4E326D9DD19000096B5 /* DevoteWidget.swift */ = {isa = PBXFileReference; lastKnownFileType = sourcecode.swift; path = DevoteWidget.swift; sourceTree = "<group>"; };
		7D78F4E526D9DD1C000096B5 /* Assets.xcassets */ = {isa = PBXFileReference; lastKnownFileType = folder.assetcatalog; path = Assets.xcassets; sourceTree = "<group>"; };
		7D78F4E726D9DD1C000096B5 /* Info.plist */ = {isa = PBXFileReference; lastKnownFileType = text.plist.xml; path = Info.plist; sourceTree = "<group>"; };
		7D8A42FA26D5F8E0002E4C80 /* ListRowItemView.swift */ = {isa = PBXFileReference; lastKnownFileType = sourcecode.swift; path = ListRowItemView.swift; sourceTree = "<group>"; };
		7D8A430026D5FC13002E4C80 /* CheckboxStyle.swift */ = {isa = PBXFileReference; lastKnownFileType = sourcecode.swift; path = CheckboxStyle.swift; sourceTree = "<group>"; };
		7D8A430926D6038C002E4C80 /* SoundPlayer.swift */ = {isa = PBXFileReference; lastKnownFileType = sourcecode.swift; path = SoundPlayer.swift; sourceTree = "<group>"; };
/* End PBXFileReference section */

/* Begin PBXFrameworksBuildPhase section */
		7D0CFFAB26CE2BEE004AFCAA /* Frameworks */ = {
			isa = PBXFrameworksBuildPhase;
			buildActionMask = 2147483647;
			files = (
			);
			runOnlyForDeploymentPostprocessing = 0;
		};
		7D78F4D926D9DD19000096B5 /* Frameworks */ = {
			isa = PBXFrameworksBuildPhase;
			buildActionMask = 2147483647;
			files = (
				7D78F4E126D9DD19000096B5 /* SwiftUI.framework in Frameworks */,
				7D78F4DF26D9DD19000096B5 /* WidgetKit.framework in Frameworks */,
			);
			runOnlyForDeploymentPostprocessing = 0;
		};
/* End PBXFrameworksBuildPhase section */

/* Begin PBXGroup section */
		7D0CFFA526CE2BEE004AFCAA = {
			isa = PBXGroup;
			children = (
				7D0CFFB026CE2BEF004AFCAA /* Devote */,
				7D78F4E226D9DD19000096B5 /* DevoteWidget */,
				7D78F4DD26D9DD19000096B5 /* Frameworks */,
				7D0CFFAF26CE2BEF004AFCAA /* Products */,
			);
			sourceTree = "<group>";
		};
		7D0CFFAF26CE2BEF004AFCAA /* Products */ = {
			isa = PBXGroup;
			children = (
				7D0CFFAE26CE2BEF004AFCAA /* Devote.app */,
				7D78F4DC26D9DD19000096B5 /* DevoteWidgetExtension.appex */,
			);
			name = Products;
			sourceTree = "<group>";
		};
		7D0CFFB026CE2BEF004AFCAA /* Devote */ = {
			isa = PBXGroup;
			children = (
				7D0CFFB126CE2BEF004AFCAA /* DevoteApp.swift */,
				7DBD8B4826CE31D400EE9885 /* View */,
				7DBD8B4D26CE322B00EE9885 /* Model */,
				7DBD8B4C26CE320200EE9885 /* Style */,
				7DBD8B4B26CE31F200EE9885 /* Utility */,
				7DBD8B4A26CE31EA00EE9885 /* Extension */,
				7DBD8B4726CE31A200EE9885 /* Sound */,
				7D0CFFB526CE2BF2004AFCAA /* Assets.xcassets */,
				7D0CFFBF26CE2BF2004AFCAA /* Info.plist */,
				7D0CFFB726CE2BF2004AFCAA /* Preview Content */,
			);
			path = Devote;
			sourceTree = "<group>";
		};
		7D0CFFB726CE2BF2004AFCAA /* Preview Content */ = {
			isa = PBXGroup;
			children = (
				7D0CFFB826CE2BF2004AFCAA /* Preview Assets.xcassets */,
			);
			path = "Preview Content";
			sourceTree = "<group>";
		};
		7D78F4DD26D9DD19000096B5 /* Frameworks */ = {
			isa = PBXGroup;
			children = (
				7D78F4DE26D9DD19000096B5 /* WidgetKit.framework */,
				7D78F4E026D9DD19000096B5 /* SwiftUI.framework */,
			);
			name = Frameworks;
			sourceTree = "<group>";
		};
		7D78F4E226D9DD19000096B5 /* DevoteWidget */ = {
			isa = PBXGroup;
			children = (
				7D78F4E326D9DD19000096B5 /* DevoteWidget.swift */,
				7D78F4E526D9DD1C000096B5 /* Assets.xcassets */,
				7D78F4E726D9DD1C000096B5 /* Info.plist */,
			);
			path = DevoteWidget;
			sourceTree = "<group>";
		};
		7DBD8B4726CE31A200EE9885 /* Sound */ = {
			isa = PBXGroup;
			children = (
				7D0CFFC826CE2E4D004AFCAA /* sound-ding.mp3 */,
				7D0CFFC726CE2E4D004AFCAA /* sound-rise.mp3 */,
				7D0CFFC926CE2E4E004AFCAA /* sound-tap.mp3 */,
			);
			path = Sound;
			sourceTree = "<group>";
		};
		7DBD8B4826CE31D400EE9885 /* View */ = {
			isa = PBXGroup;
			children = (
				7D0CFFB326CE2BEF004AFCAA /* ContentView.swift */,
				7D290BAE26D2203C009AAFCA /* BackgroundImageView.swift */,
				7D1C32D026D4B70000395F6A /* NewTaskItemView.swift */,
				7D0AA89E26D4CE5800310BC7 /* BlankView.swift */,
				7D8A42FA26D5F8E0002E4C80 /* ListRowItemView.swift */,
			);
			path = View;
			sourceTree = "<group>";
		};
		7DBD8B4A26CE31EA00EE9885 /* Extension */ = {
			isa = PBXGroup;
			children = (
				7D6DCB2A26D2152F001A3765 /* HideKeyboardExtension.swift */,
			);
			path = Extension;
			sourceTree = "<group>";
		};
		7DBD8B4B26CE31F200EE9885 /* Utility */ = {
			isa = PBXGroup;
			children = (
				7D6BE73926D0DB4B000B7BC8 /* Constant.swift */,
				7D8A430926D6038C002E4C80 /* SoundPlayer.swift */,
			);
			path = Utility;
			sourceTree = "<group>";
		};
		7DBD8B4C26CE320200EE9885 /* Style */ = {
			isa = PBXGroup;
			children = (
				7D8A430026D5FC13002E4C80 /* CheckboxStyle.swift */,
			);
			path = Style;
			sourceTree = "<group>";
		};
		7DBD8B4D26CE322B00EE9885 /* Model */ = {
			isa = PBXGroup;
			children = (
				7D0CFFBA26CE2BF2004AFCAA /* Persistence.swift */,
				7D0CFFBC26CE2BF2004AFCAA /* Devote.xcdatamodeld */,
			);
			path = Model;
			sourceTree = "<group>";
		};
/* End PBXGroup section */

/* Begin PBXNativeTarget section */
		7D0CFFAD26CE2BEE004AFCAA /* Devote */ = {
			isa = PBXNativeTarget;
			buildConfigurationList = 7D0CFFC226CE2BF2004AFCAA /* Build configuration list for PBXNativeTarget "Devote" */;
			buildPhases = (
				7D0CFFAA26CE2BEE004AFCAA /* Sources */,
				7D0CFFAB26CE2BEE004AFCAA /* Frameworks */,
				7D0CFFAC26CE2BEE004AFCAA /* Resources */,
				7D78F4EB26D9DD1C000096B5 /* Embed App Extensions */,
			);
			buildRules = (
			);
			dependencies = (
				7D78F4E926D9DD1C000096B5 /* PBXTargetDependency */,
			);
			name = Devote;
			productName = Devote;
			productReference = 7D0CFFAE26CE2BEF004AFCAA /* Devote.app */;
			productType = "com.apple.product-type.application";
		};
		7D78F4DB26D9DD19000096B5 /* DevoteWidgetExtension */ = {
			isa = PBXNativeTarget;
			buildConfigurationList = 7D78F4EE26D9DD1C000096B5 /* Build configuration list for PBXNativeTarget "DevoteWidgetExtension" */;
			buildPhases = (
				7D78F4D826D9DD19000096B5 /* Sources */,
				7D78F4D926D9DD19000096B5 /* Frameworks */,
				7D78F4DA26D9DD19000096B5 /* Resources */,
			);
			buildRules = (
			);
			dependencies = (
			);
			name = DevoteWidgetExtension;
			productName = DevoteWidgetExtension;
			productReference = 7D78F4DC26D9DD19000096B5 /* DevoteWidgetExtension.appex */;
			productType = "com.apple.product-type.app-extension";
		};
/* End PBXNativeTarget section */

/* Begin PBXProject section */
		7D0CFFA626CE2BEE004AFCAA /* Project object */ = {
			isa = PBXProject;
			attributes = {
				LastSwiftUpdateCheck = 1240;
				LastUpgradeCheck = 1240;
				TargetAttributes = {
					7D0CFFAD26CE2BEE004AFCAA = {
						CreatedOnToolsVersion = 12.4;
					};
					7D78F4DB26D9DD19000096B5 = {
						CreatedOnToolsVersion = 12.4;
					};
				};
			};
			buildConfigurationList = 7D0CFFA926CE2BEE004AFCAA /* Build configuration list for PBXProject "Devote" */;
			compatibilityVersion = "Xcode 9.3";
			developmentRegion = en;
			hasScannedForEncodings = 0;
			knownRegions = (
				en,
				Base,
			);
			mainGroup = 7D0CFFA526CE2BEE004AFCAA;
			productRefGroup = 7D0CFFAF26CE2BEF004AFCAA /* Products */;
			projectDirPath = "";
			projectRoot = "";
			targets = (
				7D0CFFAD26CE2BEE004AFCAA /* Devote */,
				7D78F4DB26D9DD19000096B5 /* DevoteWidgetExtension */,
			);
		};
/* End PBXProject section */

/* Begin PBXResourcesBuildPhase section */
		7D0CFFAC26CE2BEE004AFCAA /* Resources */ = {
			isa = PBXResourcesBuildPhase;
			buildActionMask = 2147483647;
			files = (
				7D0CFFCB26CE2E4E004AFCAA /* sound-ding.mp3 in Resources */,
				7D0CFFCA26CE2E4E004AFCAA /* sound-rise.mp3 in Resources */,
				7D0CFFB926CE2BF2004AFCAA /* Preview Assets.xcassets in Resources */,
				7D0CFFCC26CE2E4E004AFCAA /* sound-tap.mp3 in Resources */,
				7D0CFFB626CE2BF2004AFCAA /* Assets.xcassets in Resources */,
			);
			runOnlyForDeploymentPostprocessing = 0;
		};
		7D78F4DA26D9DD19000096B5 /* Resources */ = {
			isa = PBXResourcesBuildPhase;
			buildActionMask = 2147483647;
			files = (
				7D78F4F726D9E1CC000096B5 /* Assets.xcassets in Resources */,
				7D78F4E626D9DD1C000096B5 /* Assets.xcassets in Resources */,
			);
			runOnlyForDeploymentPostprocessing = 0;
		};
/* End PBXResourcesBuildPhase section */

/* Begin PBXSourcesBuildPhase section */
		7D0CFFAA26CE2BEE004AFCAA /* Sources */ = {
			isa = PBXSourcesBuildPhase;
			buildActionMask = 2147483647;
			files = (
				7D0CFFBB26CE2BF2004AFCAA /* Persistence.swift in Sources */,
				7D290BAF26D2203C009AAFCA /* BackgroundImageView.swift in Sources */,
				7D1C32D726D4BB9000395F6A /* Devote.xcdatamodeld in Sources */,
				7D0CFFB426CE2BEF004AFCAA /* ContentView.swift in Sources */,
				7D0AA89F26D4CE5800310BC7 /* BlankView.swift in Sources */,
				7D6DCB2B26D2152F001A3765 /* HideKeyboardExtension.swift in Sources */,
				7D8A42FB26D5F8E0002E4C80 /* ListRowItemView.swift in Sources */,
				7D6BE73A26D0DB4B000B7BC8 /* Constant.swift in Sources */,
				7D0CFFB226CE2BEF004AFCAA /* DevoteApp.swift in Sources */,
				7D8A430126D5FC13002E4C80 /* CheckboxStyle.swift in Sources */,
				7D8A430A26D6038C002E4C80 /* SoundPlayer.swift in Sources */,
				7D1C32D126D4B70000395F6A /* NewTaskItemView.swift in Sources */,
			);
			runOnlyForDeploymentPostprocessing = 0;
		};
		7D78F4D826D9DD19000096B5 /* Sources */ = {
			isa = PBXSourcesBuildPhase;
			buildActionMask = 2147483647;
			files = (
				7D78F4E426D9DD19000096B5 /* DevoteWidget.swift in Sources */,
				7D78F4FA26D9E28F000096B5 /* Constant.swift in Sources */,
			);
			runOnlyForDeploymentPostprocessing = 0;
		};
/* End PBXSourcesBuildPhase section */

/* Begin PBXTargetDependency section */
		7D78F4E926D9DD1C000096B5 /* PBXTargetDependency */ = {
			isa = PBXTargetDependency;
			target = 7D78F4DB26D9DD19000096B5 /* DevoteWidgetExtension */;
			targetProxy = 7D78F4E826D9DD1C000096B5 /* PBXContainerItemProxy */;
		};
/* End PBXTargetDependency section */

/* Begin XCBuildConfiguration section */
		7D0CFFC026CE2BF2004AFCAA /* Debug */ = {
			isa = XCBuildConfiguration;
			buildSettings = {
				ALWAYS_SEARCH_USER_PATHS = NO;
				CLANG_ANALYZER_NONNULL = YES;
				CLANG_ANALYZER_NUMBER_OBJECT_CONVERSION = YES_AGGRESSIVE;
				CLANG_CXX_LANGUAGE_STANDARD = "gnu++14";
				CLANG_CXX_LIBRARY = "libc++";
				CLANG_ENABLE_MODULES = YES;
				CLANG_ENABLE_OBJC_ARC = YES;
				CLANG_ENABLE_OBJC_WEAK = YES;
				CLANG_WARN_BLOCK_CAPTURE_AUTORELEASING = YES;
				CLANG_WARN_BOOL_CONVERSION = YES;
				CLANG_WARN_COMMA = YES;
				CLANG_WARN_CONSTANT_CONVERSION = YES;
				CLANG_WARN_DEPRECATED_OBJC_IMPLEMENTATIONS = YES;
				CLANG_WARN_DIRECT_OBJC_ISA_USAGE = YES_ERROR;
				CLANG_WARN_DOCUMENTATION_COMMENTS = YES;
				CLANG_WARN_EMPTY_BODY = YES;
				CLANG_WARN_ENUM_CONVERSION = YES;
				CLANG_WARN_INFINITE_RECURSION = YES;
				CLANG_WARN_INT_CONVERSION = YES;
				CLANG_WARN_NON_LITERAL_NULL_CONVERSION = YES;
				CLANG_WARN_OBJC_IMPLICIT_RETAIN_SELF = YES;
				CLANG_WARN_OBJC_LITERAL_CONVERSION = YES;
				CLANG_WARN_OBJC_ROOT_CLASS = YES_ERROR;
				CLANG_WARN_QUOTED_INCLUDE_IN_FRAMEWORK_HEADER = YES;
				CLANG_WARN_RANGE_LOOP_ANALYSIS = YES;
				CLANG_WARN_STRICT_PROTOTYPES = YES;
				CLANG_WARN_SUSPICIOUS_MOVE = YES;
				CLANG_WARN_UNGUARDED_AVAILABILITY = YES_AGGRESSIVE;
				CLANG_WARN_UNREACHABLE_CODE = YES;
				CLANG_WARN__DUPLICATE_METHOD_MATCH = YES;
				COPY_PHASE_STRIP = NO;
				DEBUG_INFORMATION_FORMAT = dwarf;
				ENABLE_STRICT_OBJC_MSGSEND = YES;
				ENABLE_TESTABILITY = YES;
				GCC_C_LANGUAGE_STANDARD = gnu11;
				GCC_DYNAMIC_NO_PIC = NO;
				GCC_NO_COMMON_BLOCKS = YES;
				GCC_OPTIMIZATION_LEVEL = 0;
				GCC_PREPROCESSOR_DEFINITIONS = (
					"DEBUG=1",
					"$(inherited)",
				);
				GCC_WARN_64_TO_32_BIT_CONVERSION = YES;
				GCC_WARN_ABOUT_RETURN_TYPE = YES_ERROR;
				GCC_WARN_UNDECLARED_SELECTOR = YES;
				GCC_WARN_UNINITIALIZED_AUTOS = YES_AGGRESSIVE;
				GCC_WARN_UNUSED_FUNCTION = YES;
				GCC_WARN_UNUSED_VARIABLE = YES;
				IPHONEOS_DEPLOYMENT_TARGET = 14.5;
				MTL_ENABLE_DEBUG_INFO = INCLUDE_SOURCE;
				MTL_FAST_MATH = YES;
				ONLY_ACTIVE_ARCH = YES;
				SDKROOT = iphoneos;
				SWIFT_ACTIVE_COMPILATION_CONDITIONS = DEBUG;
				SWIFT_OPTIMIZATION_LEVEL = "-Onone";
			};
			name = Debug;
		};
		7D0CFFC126CE2BF2004AFCAA /* Release */ = {
			isa = XCBuildConfiguration;
			buildSettings = {
				ALWAYS_SEARCH_USER_PATHS = NO;
				CLANG_ANALYZER_NONNULL = YES;
				CLANG_ANALYZER_NUMBER_OBJECT_CONVERSION = YES_AGGRESSIVE;
				CLANG_CXX_LANGUAGE_STANDARD = "gnu++14";
				CLANG_CXX_LIBRARY = "libc++";
				CLANG_ENABLE_MODULES = YES;
				CLANG_ENABLE_OBJC_ARC = YES;
				CLANG_ENABLE_OBJC_WEAK = YES;
				CLANG_WARN_BLOCK_CAPTURE_AUTORELEASING = YES;
				CLANG_WARN_BOOL_CONVERSION = YES;
				CLANG_WARN_COMMA = YES;
				CLANG_WARN_CONSTANT_CONVERSION = YES;
				CLANG_WARN_DEPRECATED_OBJC_IMPLEMENTATIONS = YES;
				CLANG_WARN_DIRECT_OBJC_ISA_USAGE = YES_ERROR;
				CLANG_WARN_DOCUMENTATION_COMMENTS = YES;
				CLANG_WARN_EMPTY_BODY = YES;
				CLANG_WARN_ENUM_CONVERSION = YES;
				CLANG_WARN_INFINITE_RECURSION = YES;
				CLANG_WARN_INT_CONVERSION = YES;
				CLANG_WARN_NON_LITERAL_NULL_CONVERSION = YES;
				CLANG_WARN_OBJC_IMPLICIT_RETAIN_SELF = YES;
				CLANG_WARN_OBJC_LITERAL_CONVERSION = YES;
				CLANG_WARN_OBJC_ROOT_CLASS = YES_ERROR;
				CLANG_WARN_QUOTED_INCLUDE_IN_FRAMEWORK_HEADER = YES;
				CLANG_WARN_RANGE_LOOP_ANALYSIS = YES;
				CLANG_WARN_STRICT_PROTOTYPES = YES;
				CLANG_WARN_SUSPICIOUS_MOVE = YES;
				CLANG_WARN_UNGUARDED_AVAILABILITY = YES_AGGRESSIVE;
				CLANG_WARN_UNREACHABLE_CODE = YES;
				CLANG_WARN__DUPLICATE_METHOD_MATCH = YES;
				COPY_PHASE_STRIP = NO;
				DEBUG_INFORMATION_FORMAT = "dwarf-with-dsym";
				ENABLE_NS_ASSERTIONS = NO;
				ENABLE_STRICT_OBJC_MSGSEND = YES;
				GCC_C_LANGUAGE_STANDARD = gnu11;
				GCC_NO_COMMON_BLOCKS = YES;
				GCC_WARN_64_TO_32_BIT_CONVERSION = YES;
				GCC_WARN_ABOUT_RETURN_TYPE = YES_ERROR;
				GCC_WARN_UNDECLARED_SELECTOR = YES;
				GCC_WARN_UNINITIALIZED_AUTOS = YES_AGGRESSIVE;
				GCC_WARN_UNUSED_FUNCTION = YES;
				GCC_WARN_UNUSED_VARIABLE = YES;
				IPHONEOS_DEPLOYMENT_TARGET = 14.5;
				MTL_ENABLE_DEBUG_INFO = NO;
				MTL_FAST_MATH = YES;
				SDKROOT = iphoneos;
				SWIFT_COMPILATION_MODE = wholemodule;
				SWIFT_OPTIMIZATION_LEVEL = "-O";
				VALIDATE_PRODUCT = YES;
			};
			name = Release;
		};
		7D0CFFC326CE2BF2004AFCAA /* Debug */ = {
			isa = XCBuildConfiguration;
			buildSettings = {
				ALWAYS_EMBED_SWIFT_STANDARD_LIBRARIES = YES;
				ASSETCATALOG_COMPILER_APPICON_NAME = AppIcon;
				ASSETCATALOG_COMPILER_GLOBAL_ACCENT_COLOR_NAME = AccentColor;
				CODE_SIGN_STYLE = Automatic;
				DEVELOPMENT_ASSET_PATHS = "\"Devote/Preview Content\"";
				DEVELOPMENT_TEAM = 476W3V97E8;
				ENABLE_PREVIEWS = YES;
				INFOPLIST_FILE = Devote/Info.plist;
				IPHONEOS_DEPLOYMENT_TARGET = 14.1;
				LD_RUNPATH_SEARCH_PATHS = (
					"$(inherited)",
					"@executable_path/Frameworks",
				);
				PRODUCT_BUNDLE_IDENTIFIER = sideproject.Devote;
				PRODUCT_NAME = "$(TARGET_NAME)";
				SWIFT_VERSION = 5.0;
				TARGETED_DEVICE_FAMILY = "1,2";
			};
			name = Debug;
		};
		7D0CFFC426CE2BF2004AFCAA /* Release */ = {
			isa = XCBuildConfiguration;
			buildSettings = {
				ALWAYS_EMBED_SWIFT_STANDARD_LIBRARIES = YES;
				ASSETCATALOG_COMPILER_APPICON_NAME = AppIcon;
				ASSETCATALOG_COMPILER_GLOBAL_ACCENT_COLOR_NAME = AccentColor;
				CODE_SIGN_STYLE = Automatic;
				DEVELOPMENT_ASSET_PATHS = "\"Devote/Preview Content\"";
				DEVELOPMENT_TEAM = 476W3V97E8;
				ENABLE_PREVIEWS = YES;
				INFOPLIST_FILE = Devote/Info.plist;
				IPHONEOS_DEPLOYMENT_TARGET = 14.1;
				LD_RUNPATH_SEARCH_PATHS = (
					"$(inherited)",
					"@executable_path/Frameworks",
				);
				PRODUCT_BUNDLE_IDENTIFIER = sideproject.Devote;
				PRODUCT_NAME = "$(TARGET_NAME)";
				SWIFT_VERSION = 5.0;
				TARGETED_DEVICE_FAMILY = "1,2";
			};
			name = Release;
		};
		7D78F4EC26D9DD1C000096B5 /* Debug */ = {
			isa = XCBuildConfiguration;
			buildSettings = {
				ASSETCATALOG_COMPILER_GLOBAL_ACCENT_COLOR_NAME = AccentColor;
				ASSETCATALOG_COMPILER_WIDGET_BACKGROUND_COLOR_NAME = WidgetBackground;
				CODE_SIGN_STYLE = Automatic;
				DEVELOPMENT_TEAM = 476W3V97E8;
				INFOPLIST_FILE = DevoteWidget/Info.plist;
				IPHONEOS_DEPLOYMENT_TARGET = 14.4;
				LD_RUNPATH_SEARCH_PATHS = (
					"$(inherited)",
					"@executable_path/Frameworks",
					"@executable_path/../../Frameworks",
				);
				PRODUCT_BUNDLE_IDENTIFIER = sideproject.Devote.DevoteWidget;
				PRODUCT_NAME = "$(TARGET_NAME)";
				SKIP_INSTALL = YES;
				SWIFT_VERSION = 5.0;
				TARGETED_DEVICE_FAMILY = "1,2";
			};
			name = Debug;
		};
		7D78F4ED26D9DD1C000096B5 /* Release */ = {
			isa = XCBuildConfiguration;
			buildSettings = {
				ASSETCATALOG_COMPILER_GLOBAL_ACCENT_COLOR_NAME = AccentColor;
				ASSETCATALOG_COMPILER_WIDGET_BACKGROUND_COLOR_NAME = WidgetBackground;
				CODE_SIGN_STYLE = Automatic;
				DEVELOPMENT_TEAM = 476W3V97E8;
				INFOPLIST_FILE = DevoteWidget/Info.plist;
				IPHONEOS_DEPLOYMENT_TARGET = 14.4;
				LD_RUNPATH_SEARCH_PATHS = (
					"$(inherited)",
					"@executable_path/Frameworks",
					"@executable_path/../../Frameworks",
				);
				PRODUCT_BUNDLE_IDENTIFIER = sideproject.Devote.DevoteWidget;
				PRODUCT_NAME = "$(TARGET_NAME)";
				SKIP_INSTALL = YES;
				SWIFT_VERSION = 5.0;
				TARGETED_DEVICE_FAMILY = "1,2";
			};
			name = Release;
		};
/* End XCBuildConfiguration section */

/* Begin XCConfigurationList section */
		7D0CFFA926CE2BEE004AFCAA /* Build configuration list for PBXProject "Devote" */ = {
			isa = XCConfigurationList;
			buildConfigurations = (
				7D0CFFC026CE2BF2004AFCAA /* Debug */,
				7D0CFFC126CE2BF2004AFCAA /* Release */,
			);
			defaultConfigurationIsVisible = 0;
			defaultConfigurationName = Release;
		};
		7D0CFFC226CE2BF2004AFCAA /* Build configuration list for PBXNativeTarget "Devote" */ = {
			isa = XCConfigurationList;
			buildConfigurations = (
				7D0CFFC326CE2BF2004AFCAA /* Debug */,
				7D0CFFC426CE2BF2004AFCAA /* Release */,
			);
			defaultConfigurationIsVisible = 0;
			defaultConfigurationName = Release;
		};
		7D78F4EE26D9DD1C000096B5 /* Build configuration list for PBXNativeTarget "DevoteWidgetExtension" */ = {
			isa = XCConfigurationList;
			buildConfigurations = (
				7D78F4EC26D9DD1C000096B5 /* Debug */,
				7D78F4ED26D9DD1C000096B5 /* Release */,
			);
			defaultConfigurationIsVisible = 0;
			defaultConfigurationName = Release;
		};
/* End XCConfigurationList section */

/* Begin XCVersionGroup section */
		7D0CFFBC26CE2BF2004AFCAA /* Devote.xcdatamodeld */ = {
			isa = XCVersionGroup;
			children = (
				7D0CFFBD26CE2BF2004AFCAA /* Devote.xcdatamodel */,
			);
			currentVersion = 7D0CFFBD26CE2BF2004AFCAA /* Devote.xcdatamodel */;
			path = Devote.xcdatamodeld;
			sourceTree = "<group>";
			versionGroupType = wrapper.xcdatamodel;
		};
/* End XCVersionGroup section */
	};
	rootObject = 7D0CFFA626CE2BEE004AFCAA /* Project object */;
}
